
Microsoft Visual Studio Solution File, Format Version 12.00
# Visual Studio Version 17
VisualStudioVersion = 17.0.31903.59
MinimumVisualStudioVersion = 10.0.40219.1
Project("{2150E333-8FDC-42A3-9474-1A3956D46DE8}") = "src", "src", "{827E0CD3-B72D-47B6-A68D-7590B98EB39B}"
EndProject
Project("{FAE04EC0-301F-11D3-BF4B-00C04F79EFBC}") = "LightningAgentMarketPlace.Core", "src\LightningAgentMarketPlace.Core\LightningAgentMarketPlace.Core.csproj", "{E6B88E45-28B2-4B60-8244-D9D71336FC25}"
EndProject
Project("{FAE04EC0-301F-11D3-BF4B-00C04F79EFBC}") = "LightningAgentMarketPlace.Data", "src\LightningAgentMarketPlace.Data\LightningAgentMarketPlace.Data.csproj", "{6322E453-0855-4863-95E7-66202B5FA4B5}"
EndProject
Project("{FAE04EC0-301F-11D3-BF4B-00C04F79EFBC}") = "LightningAgentMarketPlace.Lightning", "src\LightningAgentMarketPlace.Lightning\LightningAgentMarketPlace.Lightning.csproj", "{27D19961-847A-4BF8-82EB-7C1B96A4AA2D}"
EndProject
Project("{FAE04EC0-301F-11D3-BF4B-00C04F79EFBC}") = "LightningAgentMarketPlace.Chainlink", "src\LightningAgentMarketPlace.Chainlink\LightningAgentMarketPlace.Chainlink.csproj", "{59F1A6EC-E882-4E5A-BB96-6A4E9D74BEB7}"
EndProject
Project("{FAE04EC0-301F-11D3-BF4B-00C04F79EFBC}") = "LightningAgentMarketPlace.Acp", "src\LightningAgentMarketPlace.Acp\LightningAgentMarketPlace.Acp.csproj", "{3BBB377E-2F64-45E2-BDDE-A32871CD5B12}"
EndProject
Project("{FAE04EC0-301F-11D3-BF4B-00C04F79EFBC}") = "LightningAgentMarketPlace.AI", "src\LightningAgentMarketPlace.AI\LightningAgentMarketPlace.AI.csproj", "{6C29D397-69CC-4327-8073-F9D0F0EA0E70}"
EndProject
Project("{FAE04EC0-301F-11D3-BF4B-00C04F79EFBC}") = "LightningAgentMarketPlace.Verification", "src\LightningAgentMarketPlace.Verification\LightningAgentMarketPlace.Verification.csproj", "{FDFEBC18-4BCB-4C73-BAEA-D1302898834E}"
EndProject
Project("{FAE04EC0-301F-11D3-BF4B-00C04F79EFBC}") = "LightningAgentMarketPlace.Engine", "src\LightningAgentMarketPlace.Engine\LightningAgentMarketPlace.Engine.csproj", "{C313932B-729D-4DAE-B080-155B1987CAE2}"
EndProject
Project("{FAE04EC0-301F-11D3-BF4B-00C04F79EFBC}") = "LightningAgentMarketPlace.Api", "src\LightningAgentMarketPlace.Api\LightningAgentMarketPlace.Api.csproj", "{23E88100-952A-4855-8902-833298907A26}"
EndProject
Project("{2150E333-8FDC-42A3-9474-1A3956D46DE8}") = "tests", "tests", "{0AB3BF05-4346-4AA6-1389-037BE0695223}"
EndProject
Project("{FAE04EC0-301F-11D3-BF4B-00C04F79EFBC}") = "LightningAgentMarketPlace.Tests", "tests\LightningAgentMarketPlace.Tests\LightningAgentMarketPlace.Tests.csproj", "{58558D33-FE4F-4331-BA3F-22FA200A046A}"
EndProject
Global
	GlobalSection(SolutionConfigurationPlatforms) = preSolution
		Debug|Any CPU = Debug|Any CPU
		Debug|x64 = Debug|x64
		Debug|x86 = Debug|x86
		Release|Any CPU = Release|Any CPU
		Release|x64 = Release|x64
		Release|x86 = Release|x86
	EndGlobalSection
	GlobalSection(ProjectConfigurationPlatforms) = postSolution
		{E6B88E45-28B2-4B60-8244-D9D71336FC25}.Debug|Any CPU.ActiveCfg = Debug|Any CPU
		{E6B88E45-28B2-4B60-8244-D9D71336FC25}.Debug|Any CPU.Build.0 = Debug|Any CPU
		{E6B88E45-28B2-4B60-8244-D9D71336FC25}.Debug|x64.ActiveCfg = Debug|Any CPU
		{E6B88E45-28B2-4B60-8244-D9D71336FC25}.Debug|x64.Build.0 = Debug|Any CPU
		{E6B88E45-28B2-4B60-8244-D9D71336FC25}.Debug|x86.ActiveCfg = Debug|Any CPU
		{E6B88E45-28B2-4B60-8244-D9D71336FC25}.Debug|x86.Build.0 = Debug|Any CPU
		{E6B88E45-28B2-4B60-8244-D9D71336FC25}.Release|Any CPU.ActiveCfg = Release|Any CPU
		{E6B88E45-28B2-4B60-8244-D9D71336FC25}.Release|Any CPU.Build.0 = Release|Any CPU
		{E6B88E45-28B2-4B60-8244-D9D71336FC25}.Release|x64.ActiveCfg = Release|Any CPU
		{E6B88E45-28B2-4B60-8244-D9D71336FC25}.Release|x64.Build.0 = Release|Any CPU
		{E6B88E45-28B2-4B60-8244-D9D71336FC25}.Release|x86.ActiveCfg = Release|Any CPU
		{E6B88E45-28B2-4B60-8244-D9D71336FC25}.Release|x86.Build.0 = Release|Any CPU
		{6322E453-0855-4863-95E7-66202B5FA4B5}.Debug|Any CPU.ActiveCfg = Debug|Any CPU
		{6322E453-0855-4863-95E7-66202B5FA4B5}.Debug|Any CPU.Build.0 = Debug|Any CPU
		{6322E453-0855-4863-95E7-66202B5FA4B5}.Debug|x64.ActiveCfg = Debug|Any CPU
		{6322E453-0855-4863-95E7-66202B5FA4B5}.Debug|x64.Build.0 = Debug|Any CPU
		{6322E453-0855-4863-95E7-66202B5FA4B5}.Debug|x86.ActiveCfg = Debug|Any CPU
		{6322E453-0855-4863-95E7-66202B5FA4B5}.Debug|x86.Build.0 = Debug|Any CPU
		{6322E453-0855-4863-95E7-66202B5FA4B5}.Release|Any CPU.ActiveCfg = Release|Any CPU
		{6322E453-0855-4863-95E7-66202B5FA4B5}.Release|Any CPU.Build.0 = Release|Any CPU
		{6322E453-0855-4863-95E7-66202B5FA4B5}.Release|x64.ActiveCfg = Release|Any CPU
		{6322E453-0855-4863-95E7-66202B5FA4B5}.Release|x64.Build.0 = Release|Any CPU
		{6322E453-0855-4863-95E7-66202B5FA4B5}.Release|x86.ActiveCfg = Release|Any CPU
		{6322E453-0855-4863-95E7-66202B5FA4B5}.Release|x86.Build.0 = Release|Any CPU
		{27D19961-847A-4BF8-82EB-7C1B96A4AA2D}.Debug|Any CPU.ActiveCfg = Debug|Any CPU
		{27D19961-847A-4BF8-82EB-7C1B96A4AA2D}.Debug|Any CPU.Build.0 = Debug|Any CPU
		{27D19961-847A-4BF8-82EB-7C1B96A4AA2D}.Debug|x64.ActiveCfg = Debug|Any CPU
		{27D19961-847A-4BF8-82EB-7C1B96A4AA2D}.Debug|x64.Build.0 = Debug|Any CPU
		{27D19961-847A-4BF8-82EB-7C1B96A4AA2D}.Debug|x86.ActiveCfg = Debug|Any CPU
		{27D19961-847A-4BF8-82EB-7C1B96A4AA2D}.Debug|x86.Build.0 = Debug|Any CPU
		{27D19961-847A-4BF8-82EB-7C1B96A4AA2D}.Release|Any CPU.ActiveCfg = Release|Any CPU
		{27D19961-847A-4BF8-82EB-7C1B96A4AA2D}.Release|Any CPU.Build.0 = Release|Any CPU
		{27D19961-847A-4BF8-82EB-7C1B96A4AA2D}.Release|x64.ActiveCfg = Release|Any CPU
		{27D19961-847A-4BF8-82EB-7C1B96A4AA2D}.Release|x64.Build.0 = Release|Any CPU
		{27D19961-847A-4BF8-82EB-7C1B96A4AA2D}.Release|x86.ActiveCfg = Release|Any CPU
		{27D19961-847A-4BF8-82EB-7C1B96A4AA2D}.Release|x86.Build.0 = Release|Any CPU
		{59F1A6EC-E882-4E5A-BB96-6A4E9D74BEB7}.Debug|Any CPU.ActiveCfg = Debug|Any CPU
		{59F1A6EC-E882-4E5A-BB96-6A4E9D74BEB7}.Debug|Any CPU.Build.0 = Debug|Any CPU
		{59F1A6EC-E882-4E5A-BB96-6A4E9D74BEB7}.Debug|x64.ActiveCfg = Debug|Any CPU
		{59F1A6EC-E882-4E5A-BB96-6A4E9D74BEB7}.Debug|x64.Build.0 = Debug|Any CPU
		{59F1A6EC-E882-4E5A-BB96-6A4E9D74BEB7}.Debug|x86.ActiveCfg = Debug|Any CPU
		{59F1A6EC-E882-4E5A-BB96-6A4E9D74BEB7}.Debug|x86.Build.0 = Debug|Any CPU
		{59F1A6EC-E882-4E5A-BB96-6A4E9D74BEB7}.Release|Any CPU.ActiveCfg = Release|Any CPU
		{59F1A6EC-E882-4E5A-BB96-6A4E9D74BEB7}.Release|Any CPU.Build.0 = Release|Any CPU
		{59F1A6EC-E882-4E5A-BB96-6A4E9D74BEB7}.Release|x64.ActiveCfg = Release|Any CPU
		{59F1A6EC-E882-4E5A-BB96-6A4E9D74BEB7}.Release|x64.Build.0 = Release|Any CPU
		{59F1A6EC-E882-4E5A-BB96-6A4E9D74BEB7}.Release|x86.ActiveCfg = Release|Any CPU
		{59F1A6EC-E882-4E5A-BB96-6A4E9D74BEB7}.Release|x86.Build.0 = Release|Any CPU
		{3BBB377E-2F64-45E2-BDDE-A32871CD5B12}.Debug|Any CPU.ActiveCfg = Debug|Any CPU
		{3BBB377E-2F64-45E2-BDDE-A32871CD5B12}.Debug|Any CPU.Build.0 = Debug|Any CPU
		{3BBB377E-2F64-45E2-BDDE-A32871CD5B12}.Debug|x64.ActiveCfg = Debug|Any CPU
		{3BBB377E-2F64-45E2-BDDE-A32871CD5B12}.Debug|x64.Build.0 = Debug|Any CPU
		{3BBB377E-2F64-45E2-BDDE-A32871CD5B12}.Debug|x86.ActiveCfg = Debug|Any CPU
		{3BBB377E-2F64-45E2-BDDE-A32871CD5B12}.Debug|x86.Build.0 = Debug|Any CPU
		{3BBB377E-2F64-45E2-BDDE-A32871CD5B12}.Release|Any CPU.ActiveCfg = Release|Any CPU
		{3BBB377E-2F64-45E2-BDDE-A32871CD5B12}.Release|Any CPU.Build.0 = Release|Any CPU
		{3BBB377E-2F64-45E2-BDDE-A32871CD5B12}.Release|x64.ActiveCfg = Release|Any CPU
		{3BBB377E-2F64-45E2-BDDE-A32871CD5B12}.Release|x64.Build.0 = Release|Any CPU
		{3BBB377E-2F64-45E2-BDDE-A32871CD5B12}.Release|x86.ActiveCfg = Release|Any CPU
		{3BBB377E-2F64-45E2-BDDE-A32871CD5B12}.Release|x86.Build.0 = Release|Any CPU
		{6C29D397-69CC-4327-8073-F9D0F0EA0E70}.Debug|Any CPU.ActiveCfg = Debug|Any CPU
		{6C29D397-69CC-4327-8073-F9D0F0EA0E70}.Debug|Any CPU.Build.0 = Debug|Any CPU
		{6C29D397-69CC-4327-8073-F9D0F0EA0E70}.Debug|x64.ActiveCfg = Debug|Any CPU
		{6C29D397-69CC-4327-8073-F9D0F0EA0E70}.Debug|x64.Build.0 = Debug|Any CPU
		{6C29D397-69CC-4327-8073-F9D0F0EA0E70}.Debug|x86.ActiveCfg = Debug|Any CPU
		{6C29D397-69CC-4327-8073-F9D0F0EA0E70}.Debug|x86.Build.0 = Debug|Any CPU
		{6C29D397-69CC-4327-8073-F9D0F0EA0E70}.Release|Any CPU.ActiveCfg = Release|Any CPU
		{6C29D397-69CC-4327-8073-F9D0F0EA0E70}.Release|Any CPU.Build.0 = Release|Any CPU
		{6C29D397-69CC-4327-8073-F9D0F0EA0E70}.Release|x64.ActiveCfg = Release|Any CPU
		{6C29D397-69CC-4327-8073-F9D0F0EA0E70}.Release|x64.Build.0 = Release|Any CPU
		{6C29D397-69CC-4327-8073-F9D0F0EA0E70}.Release|x86.ActiveCfg = Release|Any CPU
		{6C29D397-69CC-4327-8073-F9D0F0EA0E70}.Release|x86.Build.0 = Release|Any CPU
		{FDFEBC18-4BCB-4C73-BAEA-D1302898834E}.Debug|Any CPU.ActiveCfg = Debug|Any CPU
		{FDFEBC18-4BCB-4C73-BAEA-D1302898834E}.Debug|Any CPU.Build.0 = Debug|Any CPU
		{FDFEBC18-4BCB-4C73-BAEA-D1302898834E}.Debug|x64.ActiveCfg = Debug|Any CPU
		{FDFEBC18-4BCB-4C73-BAEA-D1302898834E}.Debug|x64.Build.0 = Debug|Any CPU
		{FDFEBC18-4BCB-4C73-BAEA-D1302898834E}.Debug|x86.ActiveCfg = Debug|Any CPU
		{FDFEBC18-4BCB-4C73-BAEA-D1302898834E}.Debug|x86.Build.0 = Debug|Any CPU
		{FDFEBC18-4BCB-4C73-BAEA-D1302898834E}.Release|Any CPU.ActiveCfg = Release|Any CPU
		{FDFEBC18-4BCB-4C73-BAEA-D1302898834E}.Release|Any CPU.Build.0 = Release|Any CPU
		{FDFEBC18-4BCB-4C73-BAEA-D1302898834E}.Release|x64.ActiveCfg = Release|Any CPU
		{FDFEBC18-4BCB-4C73-BAEA-D1302898834E}.Release|x64.Build.0 = Release|Any CPU
		{FDFEBC18-4BCB-4C73-BAEA-D1302898834E}.Release|x86.ActiveCfg = Release|Any CPU
		{FDFEBC18-4BCB-4C73-BAEA-D1302898834E}.Release|x86.Build.0 = Release|Any CPU
		{C313932B-729D-4DAE-B080-155B1987CAE2}.Debug|Any CPU.ActiveCfg = Debug|Any CPU
		{C313932B-729D-4DAE-B080-155B1987CAE2}.Debug|Any CPU.Build.0 = Debug|Any CPU
		{C313932B-729D-4DAE-B080-155B1987CAE2}.Debug|x64.ActiveCfg = Debug|Any CPU
		{C313932B-729D-4DAE-B080-155B1987CAE2}.Debug|x64.Build.0 = Debug|Any CPU
		{C313932B-729D-4DAE-B080-155B1987CAE2}.Debug|x86.ActiveCfg = Debug|Any CPU
		{C313932B-729D-4DAE-B080-155B1987CAE2}.Debug|x86.Build.0 = Debug|Any CPU
		{C313932B-729D-4DAE-B080-155B1987CAE2}.Release|Any CPU.ActiveCfg = Release|Any CPU
		{C313932B-729D-4DAE-B080-155B1987CAE2}.Release|Any CPU.Build.0 = Release|Any CPU
		{C313932B-729D-4DAE-B080-155B1987CAE2}.Release|x64.ActiveCfg = Release|Any CPU
		{C313932B-729D-4DAE-B080-155B1987CAE2}.Release|x64.Build.0 = Release|Any CPU
		{C313932B-729D-4DAE-B080-155B1987CAE2}.Release|x86.ActiveCfg = Release|Any CPU
		{C313932B-729D-4DAE-B080-155B1987CAE2}.Release|x86.Build.0 = Release|Any CPU
		{23E88100-952A-4855-8902-833298907A26}.Debug|Any CPU.ActiveCfg = Debug|Any CPU
		{23E88100-952A-4855-8902-833298907A26}.Debug|Any CPU.Build.0 = Debug|Any CPU
		{23E88100-952A-4855-8902-833298907A26}.Debug|x64.ActiveCfg = Debug|Any CPU
		{23E88100-952A-4855-8902-833298907A26}.Debug|x64.Build.0 = Debug|Any CPU
		{23E88100-952A-4855-8902-833298907A26}.Debug|x86.ActiveCfg = Debug|Any CPU
		{23E88100-952A-4855-8902-833298907A26}.Debug|x86.Build.0 = Debug|Any CPU
		{23E88100-952A-4855-8902-833298907A26}.Release|Any CPU.ActiveCfg = Release|Any CPU
		{23E88100-952A-4855-8902-833298907A26}.Release|Any CPU.Build.0 = Release|Any CPU
		{23E88100-952A-4855-8902-833298907A26}.Release|x64.ActiveCfg = Release|Any CPU
		{23E88100-952A-4855-8902-833298907A26}.Release|x64.Build.0 = Release|Any CPU
		{23E88100-952A-4855-8902-833298907A26}.Release|x86.ActiveCfg = Release|Any CPU
		{23E88100-952A-4855-8902-833298907A26}.Release|x86.Build.0 = Release|Any CPU
		{58558D33-FE4F-4331-BA3F-22FA200A046A}.Debug|Any CPU.ActiveCfg = Debug|Any CPU
		{58558D33-FE4F-4331-BA3F-22FA200A046A}.Debug|Any CPU.Build.0 = Debug|Any CPU
		{58558D33-FE4F-4331-BA3F-22FA200A046A}.Debug|x64.ActiveCfg = Debug|Any CPU
		{58558D33-FE4F-4331-BA3F-22FA200A046A}.Debug|x64.Build.0 = Debug|Any CPU
		{58558D33-FE4F-4331-BA3F-22FA200A046A}.Debug|x86.ActiveCfg = Debug|Any CPU
		{58558D33-FE4F-4331-BA3F-22FA200A046A}.Debug|x86.Build.0 = Debug|Any CPU
		{58558D33-FE4F-4331-BA3F-22FA200A046A}.Release|Any CPU.ActiveCfg = Release|Any CPU
		{58558D33-FE4F-4331-BA3F-22FA200A046A}.Release|Any CPU.Build.0 = Release|Any CPU
		{58558D33-FE4F-4331-BA3F-22FA200A046A}.Release|x64.ActiveCfg = Release|Any CPU
		{58558D33-FE4F-4331-BA3F-22FA200A046A}.Release|x64.Build.0 = Release|Any CPU
		{58558D33-FE4F-4331-BA3F-22FA200A046A}.Release|x86.ActiveCfg = Release|Any CPU
		{58558D33-FE4F-4331-BA3F-22FA200A046A}.Release|x86.Build.0 = Release|Any CPU
	EndGlobalSection
	GlobalSection(SolutionProperties) = preSolution
		HideSolutionNode = FALSE
	EndGlobalSection
	GlobalSection(NestedProjects) = preSolution
		{E6B88E45-28B2-4B60-8244-D9D71336FC25} = {827E0CD3-B72D-47B6-A68D-7590B98EB39B}
		{6322E453-0855-4863-95E7-66202B5FA4B5} = {827E0CD3-B72D-47B6-A68D-7590B98EB39B}
		{27D19961-847A-4BF8-82EB-7C1B96A4AA2D} = {827E0CD3-B72D-47B6-A68D-7590B98EB39B}
		{59F1A6EC-E882-4E5A-BB96-6A4E9D74BEB7} = {827E0CD3-B72D-47B6-A68D-7590B98EB39B}
		{3BBB377E-2F64-45E2-BDDE-A32871CD5B12} = {827E0CD3-B72D-47B6-A68D-7590B98EB39B}
		{6C29D397-69CC-4327-8073-F9D0F0EA0E70} = {827E0CD3-B72D-47B6-A68D-7590B98EB39B}
		{FDFEBC18-4BCB-4C73-BAEA-D1302898834E} = {827E0CD3-B72D-47B6-A68D-7590B98EB39B}
		{C313932B-729D-4DAE-B080-155B1987CAE2} = {827E0CD3-B72D-47B6-A68D-7590B98EB39B}
		{23E88100-952A-4855-8902-833298907A26} = {827E0CD3-B72D-47B6-A68D-7590B98EB39B}
		{58558D33-FE4F-4331-BA3F-22FA200A046A} = {0AB3BF05-4346-4AA6-1389-037BE0695223}
	EndGlobalSection
EndGlobal
